// !$*UTF8*$!
{
	archiveVersion = 1;
	classes = {
	};
	objectVersion = 50;
	objects = {

/* Begin PBXBuildFile section */
		8F077A3D0CEAFB13181CF6B9 /* Pods_RizzoApp.framework in Frameworks */ = {isa = PBXBuildFile; fileRef = CF24A277F42D7989141FC708 /* Pods_RizzoApp.framework */; };
		B422AB09210722C60018CE9F /* ทุเรียน.jpg in Resources */ = {isa = PBXBuildFile; fileRef = B422AAFF210722C40018CE9F /* ทุเรียน.jpg */; };
		B422AB0A210722C60018CE9F /* กล้วย.jpg in Resources */ = {isa = PBXBuildFile; fileRef = B422AB00210722C40018CE9F /* กล้วย.jpg */; };
		B422AB0B210722C60018CE9F /* ข้าวโพด.jpg in Resources */ = {isa = PBXBuildFile; fileRef = B422AB01210722C40018CE9F /* ข้าวโพด.jpg */; };
		B422AB0C210722C60018CE9F /* สับปะรด.jpg in Resources */ = {isa = PBXBuildFile; fileRef = B422AB02210722C50018CE9F /* สับปะรด.jpg */; };
		B422AB0D210722C60018CE9F /* สตอเบอรี่.jpg in Resources */ = {isa = PBXBuildFile; fileRef = B422AB03210722C50018CE9F /* สตอเบอรี่.jpg */; };
		B422AB0E210722C60018CE9F /* มะพร้าว.jpg in Resources */ = {isa = PBXBuildFile; fileRef = B422AB04210722C50018CE9F /* มะพร้าว.jpg */; };
		B422AB0F210722C60018CE9F /* แอปเปิ้ล.jpg in Resources */ = {isa = PBXBuildFile; fileRef = B422AB05210722C50018CE9F /* แอปเปิ้ล.jpg */; };
		B422AB10210722C60018CE9F /* มะละกอ.jpg in Resources */ = {isa = PBXBuildFile; fileRef = B422AB06210722C60018CE9F /* มะละกอ.jpg */; };
		B422AB11210722C60018CE9F /* ส้ม.jpg in Resources */ = {isa = PBXBuildFile; fileRef = B422AB07210722C60018CE9F /* ส้ม.jpg */; };
		B422AB12210722C60018CE9F /* แตงโม.jpg in Resources */ = {isa = PBXBuildFile; fileRef = B422AB08210722C60018CE9F /* แตงโม.jpg */; };
		B422AB1D210723030018CE9F /* หมู.jpg in Resources */ = {isa = PBXBuildFile; fileRef = B422AB13210722FF0018CE9F /* หมู.jpg */; };
		B422AB1E210723030018CE9F /* แมว.jpg in Resources */ = {isa = PBXBuildFile; fileRef = B422AB14210723000018CE9F /* แมว.jpg */; };
		B422AB1F210723030018CE9F /* หมี.jpg in Resources */ = {isa = PBXBuildFile; fileRef = B422AB15210723000018CE9F /* หมี.jpg */; };
		B422AB20210723030018CE9F /* ช้าง.jpg in Resources */ = {isa = PBXBuildFile; fileRef = B422AB16210723000018CE9F /* ช้าง.jpg */; };
		B422AB21210723030018CE9F /* สิงโต.jpg in Resources */ = {isa = PBXBuildFile; fileRef = B422AB17210723000018CE9F /* สิงโต.jpg */; };
		B422AB22210723030018CE9F /* กระต่าย.jpg in Resources */ = {isa = PBXBuildFile; fileRef = B422AB18210723010018CE9F /* กระต่าย.jpg */; };
		B422AB23210723030018CE9F /* ไก่.jpg in Resources */ = {isa = PBXBuildFile; fileRef = B422AB19210723020018CE9F /* ไก่.jpg */; };
		B422AB24210723030018CE9F /* เป็ด.jpg in Resources */ = {isa = PBXBuildFile; fileRef = B422AB1A210723020018CE9F /* เป็ด.jpg */; };
		B422AB25210723030018CE9F /* ลิง.jpg in Resources */ = {isa = PBXBuildFile; fileRef = B422AB1B210723020018CE9F /* ลิง.jpg */; };
		B422AB26210723030018CE9F /* หมา.jpg in Resources */ = {isa = PBXBuildFile; fileRef = B422AB1C210723020018CE9F /* หมา.jpg */; };
		B422AB31210723110018CE9F /* ถ้ำ.jpg in Resources */ = {isa = PBXBuildFile; fileRef = B422AB272107230E0018CE9F /* ถ้ำ.jpg */; };
		B422AB32210723110018CE9F /* วัด.jpg in Resources */ = {isa = PBXBuildFile; fileRef = B422AB282107230E0018CE9F /* วัด.jpg */; };
		B422AB33210723110018CE9F /* ห้างสรรพสินค้า.jpg in Resources */ = {isa = PBXBuildFile; fileRef = B422AB292107230F0018CE9F /* ห้างสรรพสินค้า.jpg */; };
		B422AB34210723110018CE9F /* ทุ่งนา.jpg in Resources */ = {isa = PBXBuildFile; fileRef = B422AB2A210723100018CE9F /* ทุ่งนา.jpg */; };
		B422AB35210723110018CE9F /* ทะเล.jpg in Resources */ = {isa = PBXBuildFile; fileRef = B422AB2B210723100018CE9F /* ทะเล.jpg */; };
		B422AB36210723110018CE9F /* ภูเขา.jpg in Resources */ = {isa = PBXBuildFile; fileRef = B422AB2C210723100018CE9F /* ภูเขา.jpg */; };
		B422AB37210723110018CE9F /* สนามบิน.jpg in Resources */ = {isa = PBXBuildFile; fileRef = B422AB2D210723110018CE9F /* สนามบิน.jpg */; };
		B422AB38210723110018CE9F /* น้ำตก.jpg in Resources */ = {isa = PBXBuildFile; fileRef = B422AB2E210723110018CE9F /* น้ำตก.jpg */; };
		B422AB39210723110018CE9F /* สนามฟุตบอล.jpg in Resources */ = {isa = PBXBuildFile; fileRef = B422AB2F210723110018CE9F /* สนามฟุตบอล.jpg */; };
		B422AB3A210723110018CE9F /* สนามกอล์ฟ.jpg in Resources */ = {isa = PBXBuildFile; fileRef = B422AB30210723110018CE9F /* สนามกอล์ฟ.jpg */; };
		B422AB452107232E0018CE9F /* ร่ม.jpg in Resources */ = {isa = PBXBuildFile; fileRef = B422AB3B210723220018CE9F /* ร่ม.jpg */; };
		B422AB462107232E0018CE9F /* มีดครัว.jpg in Resources */ = {isa = PBXBuildFile; fileRef = B422AB3C210723220018CE9F /* มีดครัว.jpg */; };
		B422AB472107232E0018CE9F /* เครื่องมือช่าง.jpg in Resources */ = {isa = PBXBuildFile; fileRef = B422AB3D210723240018CE9F /* เครื่องมือช่าง.jpg */; };
		B422AB482107232E0018CE9F /* กรรไกร.jpg in Resources */ = {isa = PBXBuildFile; fileRef = B422AB3E210723240018CE9F /* กรรไกร.jpg */; };
		B422AB492107232E0018CE9F /* กะทะ.jpg in Resources */ = {isa = PBXBuildFile; fileRef = B422AB3F210723240018CE9F /* กะทะ.jpg */; };
		B422AB4A2107232E0018CE9F /* แปรงสีฟัน.jpg in Resources */ = {isa = PBXBuildFile; fileRef = B422AB40210723250018CE9F /* แปรงสีฟัน.jpg */; };
		B422AB4B2107232E0018CE9F /* ไม้กวาด.jpg in Resources */ = {isa = PBXBuildFile; fileRef = B422AB41210723260018CE9F /* ไม้กวาด.jpg */; };
		B422AB4C2107232E0018CE9F /* แว่นตา.jpg in Resources */ = {isa = PBXBuildFile; fileRef = B422AB42210723270018CE9F /* แว่นตา.jpg */; };
		B422AB4D2107232E0018CE9F /* ดินสอ.jpg in Resources */ = {isa = PBXBuildFile; fileRef = B422AB43210723280018CE9F /* ดินสอ.jpg */; };
		B422AB4E2107232E0018CE9F /* มีดช้อนส้อม.jpg in Resources */ = {isa = PBXBuildFile; fileRef = B422AB44210723290018CE9F /* มีดช้อนส้อม.jpg */; };
		B81BB73221133A5500668D0A /* กล้องถ่ายรูป.png in Resources */ = {isa = PBXBuildFile; fileRef = B81BB73121133A5500668D0A /* กล้องถ่ายรูป.png */; };
		B81BB73721133A6200668D0A /* แว่นตา.png in Resources */ = {isa = PBXBuildFile; fileRef = B81BB73321133A6100668D0A /* แว่นตา.png */; };
		B81BB73821133A6200668D0A /* ดินสอ.png in Resources */ = {isa = PBXBuildFile; fileRef = B81BB73421133A6100668D0A /* ดินสอ.png */; };
		B81BB73921133A6200668D0A /* รองเท้า.png in Resources */ = {isa = PBXBuildFile; fileRef = B81BB73521133A6100668D0A /* รองเท้า.png */; };
		B81BB73A21133A6200668D0A /* โทรทัศน์.png in Resources */ = {isa = PBXBuildFile; fileRef = B81BB73621133A6200668D0A /* โทรทัศน์.png */; };
		B81BB74021133A7400668D0A /* สุนัข.png in Resources */ = {isa = PBXBuildFile; fileRef = B81BB73B21133A7300668D0A /* สุนัข.png */; };
		B81BB74121133A7400668D0A /* หมู.png in Resources */ = {isa = PBXBuildFile; fileRef = B81BB73C21133A7300668D0A /* หมู.png */; };
		B81BB74221133A7400668D0A /* แกะ.png in Resources */ = {isa = PBXBuildFile; fileRef = B81BB73D21133A7300668D0A /* แกะ.png */; };
		B81BB74321133A7400668D0A /* เป็ด.png in Resources */ = {isa = PBXBuildFile; fileRef = B81BB73E21133A7300668D0A /* เป็ด.png */; };
		B81BB74421133A7400668D0A /* วัว.png in Resources */ = {isa = PBXBuildFile; fileRef = B81BB73F21133A7400668D0A /* วัว.png */; };
		B81BB74A21133A8C00668D0A /* แตงโม.png in Resources */ = {isa = PBXBuildFile; fileRef = B81BB74521133A8C00668D0A /* แตงโม.png */; };
		B81BB74B21133A8C00668D0A /* สตอว์เบอรี่.png in Resources */ = {isa = PBXBuildFile; fileRef = B81BB74621133A8C00668D0A /* สตอว์เบอรี่.png */; };
		B81BB74C21133A8C00668D0A /* องุ่น.png in Resources */ = {isa = PBXBuildFile; fileRef = B81BB74721133A8C00668D0A /* องุ่น.png */; };
		B81BB74D21133A8C00668D0A /* กล้วย.png in Resources */ = {isa = PBXBuildFile; fileRef = B81BB74821133A8C00668D0A /* กล้วย.png */; };
		B81BB74E21133A8C00668D0A /* แอปเปิ้ล.png in Resources */ = {isa = PBXBuildFile; fileRef = B81BB74921133A8C00668D0A /* แอปเปิ้ล.png */; };
		B82F8CCB21034462001A9338 /* Extensions.swift in Sources */ = {isa = PBXBuildFile; fileRef = B82F8CCA21034462001A9338 /* Extensions.swift */; };
		B82F8CCD21034833001A9338 /* PreSoundQuestionViewController.swift in Sources */ = {isa = PBXBuildFile; fileRef = B82F8CCC21034833001A9338 /* PreSoundQuestionViewController.swift */; };
		B82F8CCF21034864001A9338 /* SoundQuestionViewController.swift in Sources */ = {isa = PBXBuildFile; fileRef = B82F8CCE21034864001A9338 /* SoundQuestionViewController.swift */; };
		B82F8CD1210348B7001A9338 /* FinishedSoundQViewController.swift in Sources */ = {isa = PBXBuildFile; fileRef = B82F8CD0210348B7001A9338 /* FinishedSoundQViewController.swift */; };
		B82F8CD3210348D4001A9338 /* PreImgQuestionViewController.swift in Sources */ = {isa = PBXBuildFile; fileRef = B82F8CD2210348D4001A9338 /* PreImgQuestionViewController.swift */; };
		B82F8CD52103491D001A9338 /* ImgQuestionViewController.swift in Sources */ = {isa = PBXBuildFile; fileRef = B82F8CD42103491D001A9338 /* ImgQuestionViewController.swift */; };
		B82F8CD72103493C001A9338 /* FinishedImgQViewController.swift in Sources */ = {isa = PBXBuildFile; fileRef = B82F8CD62103493C001A9338 /* FinishedImgQViewController.swift */; };
		B82F8CD92103499C001A9338 /* DrawViewController.swift in Sources */ = {isa = PBXBuildFile; fileRef = B82F8CD82103499C001A9338 /* DrawViewController.swift */; };
		B82F8CDB210349B6001A9338 /* FinishedDrawViewController.swift in Sources */ = {isa = PBXBuildFile; fileRef = B82F8CDA210349B6001A9338 /* FinishedDrawViewController.swift */; };
		B82F8CDD21034A10001A9338 /* PrepareDrawViewController.swift in Sources */ = {isa = PBXBuildFile; fileRef = B82F8CDC21034A10001A9338 /* PrepareDrawViewController.swift */; };
		B82F8CDF21034A45001A9338 /* SettingViewController.swift in Sources */ = {isa = PBXBuildFile; fileRef = B82F8CDE21034A45001A9338 /* SettingViewController.swift */; };
		B836657C2115A5E4006294C1 /* Credit.storyboard in Resources */ = {isa = PBXBuildFile; fileRef = B836657B2115A5E4006294C1 /* Credit.storyboard */; };
		B836657E2115A5F5006294C1 /* CreditViewController.swift in Sources */ = {isa = PBXBuildFile; fileRef = B836657D2115A5F5006294C1 /* CreditViewController.swift */; };
		B83B7D112111BBE5005737FF /* THSarabunNewBold.ttf in Resources */ = {isa = PBXBuildFile; fileRef = B83B7D102111BBE4005737FF /* THSarabunNewBold.ttf */; };
		B83CF6132105B14400A483A5 /* DarkTheme.xcassets in Resources */ = {isa = PBXBuildFile; fileRef = B83CF6122105B14400A483A5 /* DarkTheme.xcassets */; };
		B83CF6172105B1A600A483A5 /* animationLunchScreen.xcassets in Resources */ = {isa = PBXBuildFile; fileRef = B83CF6162105B1A600A483A5 /* animationLunchScreen.xcassets */; };
		B849085B2115AC750094E188 /* DeveloperTableViewCell.swift in Sources */ = {isa = PBXBuildFile; fileRef = B849085A2115AC750094E188 /* DeveloperTableViewCell.swift */; };
		B84F5CA4210322160043DCEC /* Setting.storyboard in Resources */ = {isa = PBXBuildFile; fileRef = B84F5CA3210322160043DCEC /* Setting.storyboard */; };
		B84F5CAA210322EE0043DCEC /* FinishedDraw.storyboard in Resources */ = {isa = PBXBuildFile; fileRef = B84F5CA9210322EE0043DCEC /* FinishedDraw.storyboard */; };
		B84F5CAD2103231C0043DCEC /* Draw.storyboard in Resources */ = {isa = PBXBuildFile; fileRef = B84F5CAC2103231C0043DCEC /* Draw.storyboard */; };
		B84F5CAF210323670043DCEC /* PrepareDraw.storyboard in Resources */ = {isa = PBXBuildFile; fileRef = B84F5CAE210323670043DCEC /* PrepareDraw.storyboard */; };
		B84F5CB22103241E0043DCEC /* FinishedImgQuestion.storyboard in Resources */ = {isa = PBXBuildFile; fileRef = B84F5CB12103241E0043DCEC /* FinishedImgQuestion.storyboard */; };
		B84F5CB8210324C10043DCEC /* ImgQuestion.storyboard in Resources */ = {isa = PBXBuildFile; fileRef = B84F5CB7210324C10043DCEC /* ImgQuestion.storyboard */; };
		B84F5CBA210324E10043DCEC /* PrepareImgQuestion.storyboard in Resources */ = {isa = PBXBuildFile; fileRef = B84F5CB9210324E10043DCEC /* PrepareImgQuestion.storyboard */; };
		B84F5CC12103256B0043DCEC /* FinishedSoundQuestion.storyboard in Resources */ = {isa = PBXBuildFile; fileRef = B84F5CC02103256B0043DCEC /* FinishedSoundQuestion.storyboard */; };
		B84F5CC32103258C0043DCEC /* SoundQuestion.storyboard in Resources */ = {isa = PBXBuildFile; fileRef = B84F5CC22103258C0043DCEC /* SoundQuestion.storyboard */; };
		B84F5CC5210325B00043DCEC /* PrepareSoundQuestion.storyboard in Resources */ = {isa = PBXBuildFile; fileRef = B84F5CC4210325B00043DCEC /* PrepareSoundQuestion.storyboard */; };
		B84F5CC8210325D40043DCEC /* MainMenu.storyboard in Resources */ = {isa = PBXBuildFile; fileRef = B84F5CC7210325D40043DCEC /* MainMenu.storyboard */; };
		B84F5CCA210327C10043DCEC /* MainMenuViewController.swift in Sources */ = {isa = PBXBuildFile; fileRef = B84F5CC9210327C10043DCEC /* MainMenuViewController.swift */; };
		B84F5CCE21032EFD0043DCEC /* ImageQuestion.swift in Sources */ = {isa = PBXBuildFile; fileRef = B84F5CCD21032EFD0043DCEC /* ImageQuestion.swift */; };
		B84F5CD021032F310043DCEC /* SoundQuestion.swift in Sources */ = {isa = PBXBuildFile; fileRef = B84F5CCF21032F310043DCEC /* SoundQuestion.swift */; };
		B84F5CD221032F670043DCEC /* DrawQuestion.swift in Sources */ = {isa = PBXBuildFile; fileRef = B84F5CD121032F670043DCEC /* DrawQuestion.swift */; };
		B84F5CD4210331310043DCEC /* QuestionModel.swift in Sources */ = {isa = PBXBuildFile; fileRef = B84F5CD3210331310043DCEC /* QuestionModel.swift */; };
		B84F5CDC210335000043DCEC /* AppManager.swift in Sources */ = {isa = PBXBuildFile; fileRef = B84F5CDB210335000043DCEC /* AppManager.swift */; };
		B84F5CDE210335DB0043DCEC /* bgSound.mp3 in Resources */ = {isa = PBXBuildFile; fileRef = B84F5CDD210335DB0043DCEC /* bgSound.mp3 */; };
		B84F5CE0210336270043DCEC /* btnSound.mp3 in Resources */ = {isa = PBXBuildFile; fileRef = B84F5CDF210336270043DCEC /* btnSound.mp3 */; };
		B8783518210C51D600B87B11 /* LoadingScene.swift in Sources */ = {isa = PBXBuildFile; fileRef = B8783517210C51D600B87B11 /* LoadingScene.swift */; };
		B87D939421045D6A00788F2D /* ThemePotocol.swift in Sources */ = {isa = PBXBuildFile; fileRef = B87D939321045D6A00788F2D /* ThemePotocol.swift */; };
		B87D939621045D9100788F2D /* LightTheme.swift in Sources */ = {isa = PBXBuildFile; fileRef = B87D939521045D9100788F2D /* LightTheme.swift */; };
		B87D939821045D9C00788F2D /* DarkTheme.swift in Sources */ = {isa = PBXBuildFile; fileRef = B87D939721045D9C00788F2D /* DarkTheme.swift */; };
		B87D93B3210470C100788F2D /* วัว.mp3 in Resources */ = {isa = PBXBuildFile; fileRef = B87D939F210470BE00788F2D /* วัว.mp3 */; };
		B87D93B4210470C100788F2D /* ม้า.mp3 in Resources */ = {isa = PBXBuildFile; fileRef = B87D93A0210470BE00788F2D /* ม้า.mp3 */; };
		B87D93B6210470C100788F2D /* กบ.mp3 in Resources */ = {isa = PBXBuildFile; fileRef = B87D93A2210470BF00788F2D /* กบ.mp3 */; };
		B87D93B7210470C100788F2D /* เป็ด.mp3 in Resources */ = {isa = PBXBuildFile; fileRef = B87D93A3210470BF00788F2D /* เป็ด.mp3 */; };
		B87D93B9210470C100788F2D /* นกฮูก.mp3 in Resources */ = {isa = PBXBuildFile; fileRef = B87D93A5210470BF00788F2D /* นกฮูก.mp3 */; };
		B87D93BC210470C100788F2D /* ช้าง.mp3 in Resources */ = {isa = PBXBuildFile; fileRef = B87D93A8210470BF00788F2D /* ช้าง.mp3 */; };
		B87D93C0210470C100788F2D /* ลิง.mp3 in Resources */ = {isa = PBXBuildFile; fileRef = B87D93AC210470C000788F2D /* ลิง.mp3 */; };
		B87D93C3210470C100788F2D /* แมว.mp3 in Resources */ = {isa = PBXBuildFile; fileRef = B87D93AF210470C000788F2D /* แมว.mp3 */; };
		B87D93C9210470CE00788F2D /* สุนัข.mp3 in Resources */ = {isa = PBXBuildFile; fileRef = B87D93C6210470CD00788F2D /* สุนัข.mp3 */; };
		B87D93CA210470CE00788F2D /* หมู.mp3 in Resources */ = {isa = PBXBuildFile; fileRef = B87D93C7210470CD00788F2D /* หมู.mp3 */; };
		B87D93CC21047F9F00788F2D /* LightTheme.xcassets in Resources */ = {isa = PBXBuildFile; fileRef = B87D93CB21047F9F00788F2D /* LightTheme.xcassets */; };
		B87D93CF2104972B00788F2D /* Enums.swift in Sources */ = {isa = PBXBuildFile; fileRef = B87D93CE2104972B00788F2D /* Enums.swift */; };
		B87D93D421049E3000788F2D /* ModalView.xib in Resources */ = {isa = PBXBuildFile; fileRef = B87D93D321049E3000788F2D /* ModalView.xib */; };
		B87D93D621049E3D00788F2D /* ModalView.swift in Sources */ = {isa = PBXBuildFile; fileRef = B87D93D521049E3D00788F2D /* ModalView.swift */; };
		B8A1F60D210709D500D4FF0C /* DrawView.swift in Sources */ = {isa = PBXBuildFile; fileRef = B8A1F60C210709D500D4FF0C /* DrawView.swift */; };
		B8A1F60F21070F3D00D4FF0C /* DrawAPI.swift in Sources */ = {isa = PBXBuildFile; fileRef = B8A1F60E21070F3D00D4FF0C /* DrawAPI.swift */; };
		B8A1F612210723FA00D4FF0C /* PreviewImage.xib in Resources */ = {isa = PBXBuildFile; fileRef = B8A1F611210723FA00D4FF0C /* PreviewImage.xib */; };
		B8A1F6142107240800D4FF0C /* PreviewImage.swift in Sources */ = {isa = PBXBuildFile; fileRef = B8A1F6132107240800D4FF0C /* PreviewImage.swift */; };
		B8AEBD3B21030FC500468680 /* AppDelegate.swift in Sources */ = {isa = PBXBuildFile; fileRef = B8AEBD3A21030FC500468680 /* AppDelegate.swift */; };
		B8AEBD4221030FC700468680 /* SharedAssets.xcassets in Resources */ = {isa = PBXBuildFile; fileRef = B8AEBD4121030FC700468680 /* SharedAssets.xcassets */; };
		B8AEBD4521030FC700468680 /* LaunchScreen.storyboard in Resources */ = {isa = PBXBuildFile; fileRef = B8AEBD4321030FC700468680 /* LaunchScreen.storyboard */; };
		B8F73677210D8E71003D7F0C /* ระนาดเอก.mp3 in Resources */ = {isa = PBXBuildFile; fileRef = B8F7366D210D8E70003D7F0C /* ระนาดเอก.mp3 */; };
		B8F73678210D8E71003D7F0C /* กลองชุด.mp3 in Resources */ = {isa = PBXBuildFile; fileRef = B8F7366E210D8E70003D7F0C /* กลองชุด.mp3 */; };
		B8F73679210D8E71003D7F0C /* ซอ.mp3 in Resources */ = {isa = PBXBuildFile; fileRef = B8F7366F210D8E70003D7F0C /* ซอ.mp3 */; };
		B8F7367A210D8E71003D7F0C /* ไวโอลิน.mp3 in Resources */ = {isa = PBXBuildFile; fileRef = B8F73670210D8E70003D7F0C /* ไวโอลิน.mp3 */; };
		B8F7367B210D8E71003D7F0C /* ขลุ่ย.mp3 in Resources */ = {isa = PBXBuildFile; fileRef = B8F73671210D8E70003D7F0C /* ขลุ่ย.mp3 */; };
		B8F7367C210D8E71003D7F0C /* ฉิ่ง.mp3 in Resources */ = {isa = PBXBuildFile; fileRef = B8F73672210D8E70003D7F0C /* ฉิ่ง.mp3 */; };
		B8F7367D210D8E71003D7F0C /* เปียโน.mp3 in Resources */ = {isa = PBXBuildFile; fileRef = B8F73673210D8E70003D7F0C /* เปียโน.mp3 */; };
		B8F7367E210D8E71003D7F0C /* แซกโซโฟน.mp3 in Resources */ = {isa = PBXBuildFile; fileRef = B8F73674210D8E70003D7F0C /* แซกโซโฟน.mp3 */; };
		B8F7367F210D8E71003D7F0C /* กีต้าร์.mp3 in Resources */ = {isa = PBXBuildFile; fileRef = B8F73675210D8E71003D7F0C /* กีต้าร์.mp3 */; };
		B8F73680210D8E71003D7F0C /* กรับ.mp3 in Resources */ = {isa = PBXBuildFile; fileRef = B8F73676210D8E71003D7F0C /* กรับ.mp3 */; };
/* End PBXBuildFile section */

/* Begin PBXFileReference section */
		1F15F6958F7D80D42EDA9545 /* Pods-RizzoApp.release.xcconfig */ = {isa = PBXFileReference; includeInIndex = 1; lastKnownFileType = text.xcconfig; name = "Pods-RizzoApp.release.xcconfig"; path = "Pods/Target Support Files/Pods-RizzoApp/Pods-RizzoApp.release.xcconfig"; sourceTree = "<group>"; };
		B422AAFF210722C40018CE9F /* ทุเรียน.jpg */ = {isa = PBXFileReference; lastKnownFileType = image.jpeg; path = "ทุเรียน.jpg"; sourceTree = "<group>"; };
		B422AB00210722C40018CE9F /* กล้วย.jpg */ = {isa = PBXFileReference; lastKnownFileType = image.jpeg; path = "กล้วย.jpg"; sourceTree = "<group>"; };
		B422AB01210722C40018CE9F /* ข้าวโพด.jpg */ = {isa = PBXFileReference; lastKnownFileType = image.jpeg; path = "ข้าวโพด.jpg"; sourceTree = "<group>"; };
		B422AB02210722C50018CE9F /* สับปะรด.jpg */ = {isa = PBXFileReference; lastKnownFileType = image.jpeg; path = "สับปะรด.jpg"; sourceTree = "<group>"; };
		B422AB03210722C50018CE9F /* สตอเบอรี่.jpg */ = {isa = PBXFileReference; lastKnownFileType = image.jpeg; path = "สตอเบอรี่.jpg"; sourceTree = "<group>"; };
		B422AB04210722C50018CE9F /* มะพร้าว.jpg */ = {isa = PBXFileReference; lastKnownFileType = image.jpeg; path = "มะพร้าว.jpg"; sourceTree = "<group>"; };
		B422AB05210722C50018CE9F /* แอปเปิ้ล.jpg */ = {isa = PBXFileReference; lastKnownFileType = image.jpeg; path = "แอปเปิ้ล.jpg"; sourceTree = "<group>"; };
		B422AB06210722C60018CE9F /* มะละกอ.jpg */ = {isa = PBXFileReference; lastKnownFileType = image.jpeg; path = "มะละกอ.jpg"; sourceTree = "<group>"; };
		B422AB07210722C60018CE9F /* ส้ม.jpg */ = {isa = PBXFileReference; lastKnownFileType = image.jpeg; path = "ส้ม.jpg"; sourceTree = "<group>"; };
		B422AB08210722C60018CE9F /* แตงโม.jpg */ = {isa = PBXFileReference; lastKnownFileType = image.jpeg; path = "แตงโม.jpg"; sourceTree = "<group>"; };
		B422AB13210722FF0018CE9F /* หมู.jpg */ = {isa = PBXFileReference; lastKnownFileType = image.jpeg; path = "หมู.jpg"; sourceTree = "<group>"; };
		B422AB14210723000018CE9F /* แมว.jpg */ = {isa = PBXFileReference; lastKnownFileType = image.jpeg; path = "แมว.jpg"; sourceTree = "<group>"; };
		B422AB15210723000018CE9F /* หมี.jpg */ = {isa = PBXFileReference; lastKnownFileType = image.jpeg; path = "หมี.jpg"; sourceTree = "<group>"; };
		B422AB16210723000018CE9F /* ช้าง.jpg */ = {isa = PBXFileReference; lastKnownFileType = image.jpeg; path = "ช้าง.jpg"; sourceTree = "<group>"; };
		B422AB17210723000018CE9F /* สิงโต.jpg */ = {isa = PBXFileReference; lastKnownFileType = image.jpeg; path = "สิงโต.jpg"; sourceTree = "<group>"; };
		B422AB18210723010018CE9F /* กระต่าย.jpg */ = {isa = PBXFileReference; lastKnownFileType = image.jpeg; path = "กระต่าย.jpg"; sourceTree = "<group>"; };
		B422AB19210723020018CE9F /* ไก่.jpg */ = {isa = PBXFileReference; lastKnownFileType = image.jpeg; path = "ไก่.jpg"; sourceTree = "<group>"; };
		B422AB1A210723020018CE9F /* เป็ด.jpg */ = {isa = PBXFileReference; lastKnownFileType = image.jpeg; path = "เป็ด.jpg"; sourceTree = "<group>"; };
		B422AB1B210723020018CE9F /* ลิง.jpg */ = {isa = PBXFileReference; lastKnownFileType = image.jpeg; path = "ลิง.jpg"; sourceTree = "<group>"; };
		B422AB1C210723020018CE9F /* หมา.jpg */ = {isa = PBXFileReference; lastKnownFileType = image.jpeg; path = "หมา.jpg"; sourceTree = "<group>"; };
		B422AB272107230E0018CE9F /* ถ้ำ.jpg */ = {isa = PBXFileReference; lastKnownFileType = image.jpeg; path = "ถ้ำ.jpg"; sourceTree = "<group>"; };
		B422AB282107230E0018CE9F /* วัด.jpg */ = {isa = PBXFileReference; lastKnownFileType = image.jpeg; path = "วัด.jpg"; sourceTree = "<group>"; };
		B422AB292107230F0018CE9F /* ห้างสรรพสินค้า.jpg */ = {isa = PBXFileReference; lastKnownFileType = image.jpeg; path = "ห้างสรรพสินค้า.jpg"; sourceTree = "<group>"; };
		B422AB2A210723100018CE9F /* ทุ่งนา.jpg */ = {isa = PBXFileReference; lastKnownFileType = image.jpeg; path = "ทุ่งนา.jpg"; sourceTree = "<group>"; };
		B422AB2B210723100018CE9F /* ทะเล.jpg */ = {isa = PBXFileReference; lastKnownFileType = image.jpeg; path = "ทะเล.jpg"; sourceTree = "<group>"; };
		B422AB2C210723100018CE9F /* ภูเขา.jpg */ = {isa = PBXFileReference; lastKnownFileType = image.jpeg; path = "ภูเขา.jpg"; sourceTree = "<group>"; };
		B422AB2D210723110018CE9F /* สนามบิน.jpg */ = {isa = PBXFileReference; lastKnownFileType = image.jpeg; path = "สนามบิน.jpg"; sourceTree = "<group>"; };
		B422AB2E210723110018CE9F /* น้ำตก.jpg */ = {isa = PBXFileReference; lastKnownFileType = image.jpeg; path = "น้ำตก.jpg"; sourceTree = "<group>"; };
		B422AB2F210723110018CE9F /* สนามฟุตบอล.jpg */ = {isa = PBXFileReference; lastKnownFileType = image.jpeg; path = "สนามฟุตบอล.jpg"; sourceTree = "<group>"; };
		B422AB30210723110018CE9F /* สนามกอล์ฟ.jpg */ = {isa = PBXFileReference; lastKnownFileType = image.jpeg; path = "สนามกอล์ฟ.jpg"; sourceTree = "<group>"; };
		B422AB3B210723220018CE9F /* ร่ม.jpg */ = {isa = PBXFileReference; lastKnownFileType = image.jpeg; path = "ร่ม.jpg"; sourceTree = "<group>"; };
		B422AB3C210723220018CE9F /* มีดครัว.jpg */ = {isa = PBXFileReference; lastKnownFileType = image.jpeg; path = "มีดครัว.jpg"; sourceTree = "<group>"; };
		B422AB3D210723240018CE9F /* เครื่องมือช่าง.jpg */ = {isa = PBXFileReference; lastKnownFileType = image.jpeg; path = "เครื่องมือช่าง.jpg"; sourceTree = "<group>"; };
		B422AB3E210723240018CE9F /* กรรไกร.jpg */ = {isa = PBXFileReference; lastKnownFileType = image.jpeg; path = "กรรไกร.jpg"; sourceTree = "<group>"; };
		B422AB3F210723240018CE9F /* กะทะ.jpg */ = {isa = PBXFileReference; lastKnownFileType = image.jpeg; path = "กะทะ.jpg"; sourceTree = "<group>"; };
		B422AB40210723250018CE9F /* แปรงสีฟัน.jpg */ = {isa = PBXFileReference; lastKnownFileType = image.jpeg; path = "แปรงสีฟัน.jpg"; sourceTree = "<group>"; };
		B422AB41210723260018CE9F /* ไม้กวาด.jpg */ = {isa = PBXFileReference; lastKnownFileType = image.jpeg; path = "ไม้กวาด.jpg"; sourceTree = "<group>"; };
		B422AB42210723270018CE9F /* แว่นตา.jpg */ = {isa = PBXFileReference; lastKnownFileType = image.jpeg; path = "แว่นตา.jpg"; sourceTree = "<group>"; };
		B422AB43210723280018CE9F /* ดินสอ.jpg */ = {isa = PBXFileReference; lastKnownFileType = image.jpeg; path = "ดินสอ.jpg"; sourceTree = "<group>"; };
		B422AB44210723290018CE9F /* มีดช้อนส้อม.jpg */ = {isa = PBXFileReference; lastKnownFileType = image.jpeg; path = "มีดช้อนส้อม.jpg"; sourceTree = "<group>"; };
		B81BB73121133A5500668D0A /* กล้องถ่ายรูป.png */ = {isa = PBXFileReference; lastKnownFileType = image.png; path = "กล้องถ่ายรูป.png"; sourceTree = "<group>"; };
		B81BB73321133A6100668D0A /* แว่นตา.png */ = {isa = PBXFileReference; lastKnownFileType = image.png; path = "แว่นตา.png"; sourceTree = "<group>"; };
		B81BB73421133A6100668D0A /* ดินสอ.png */ = {isa = PBXFileReference; lastKnownFileType = image.png; path = "ดินสอ.png"; sourceTree = "<group>"; };
		B81BB73521133A6100668D0A /* รองเท้า.png */ = {isa = PBXFileReference; lastKnownFileType = image.png; path = "รองเท้า.png"; sourceTree = "<group>"; };
		B81BB73621133A6200668D0A /* โทรทัศน์.png */ = {isa = PBXFileReference; lastKnownFileType = image.png; path = "โทรทัศน์.png"; sourceTree = "<group>"; };
		B81BB73B21133A7300668D0A /* สุนัข.png */ = {isa = PBXFileReference; lastKnownFileType = image.png; path = "สุนัข.png"; sourceTree = "<group>"; };
		B81BB73C21133A7300668D0A /* หมู.png */ = {isa = PBXFileReference; lastKnownFileType = image.png; path = "หมู.png"; sourceTree = "<group>"; };
		B81BB73D21133A7300668D0A /* แกะ.png */ = {isa = PBXFileReference; lastKnownFileType = image.png; path = "แกะ.png"; sourceTree = "<group>"; };
		B81BB73E21133A7300668D0A /* เป็ด.png */ = {isa = PBXFileReference; lastKnownFileType = image.png; path = "เป็ด.png"; sourceTree = "<group>"; };
		B81BB73F21133A7400668D0A /* วัว.png */ = {isa = PBXFileReference; lastKnownFileType = image.png; path = "วัว.png"; sourceTree = "<group>"; };
		B81BB74521133A8C00668D0A /* แตงโม.png */ = {isa = PBXFileReference; lastKnownFileType = image.png; path = "แตงโม.png"; sourceTree = "<group>"; };
		B81BB74621133A8C00668D0A /* สตอว์เบอรี่.png */ = {isa = PBXFileReference; lastKnownFileType = image.png; path = "สตอว์เบอรี่.png"; sourceTree = "<group>"; };
		B81BB74721133A8C00668D0A /* องุ่น.png */ = {isa = PBXFileReference; lastKnownFileType = image.png; path = "องุ่น.png"; sourceTree = "<group>"; };
		B81BB74821133A8C00668D0A /* กล้วย.png */ = {isa = PBXFileReference; lastKnownFileType = image.png; path = "กล้วย.png"; sourceTree = "<group>"; };
		B81BB74921133A8C00668D0A /* แอปเปิ้ล.png */ = {isa = PBXFileReference; lastKnownFileType = image.png; path = "แอปเปิ้ล.png"; sourceTree = "<group>"; };
		B82F8CCA21034462001A9338 /* Extensions.swift */ = {isa = PBXFileReference; lastKnownFileType = sourcecode.swift; path = Extensions.swift; sourceTree = "<group>"; };
		B82F8CCC21034833001A9338 /* PreSoundQuestionViewController.swift */ = {isa = PBXFileReference; lastKnownFileType = sourcecode.swift; path = PreSoundQuestionViewController.swift; sourceTree = "<group>"; };
		B82F8CCE21034864001A9338 /* SoundQuestionViewController.swift */ = {isa = PBXFileReference; lastKnownFileType = sourcecode.swift; path = SoundQuestionViewController.swift; sourceTree = "<group>"; };
		B82F8CD0210348B7001A9338 /* FinishedSoundQViewController.swift */ = {isa = PBXFileReference; lastKnownFileType = sourcecode.swift; path = FinishedSoundQViewController.swift; sourceTree = "<group>"; };
		B82F8CD2210348D4001A9338 /* PreImgQuestionViewController.swift */ = {isa = PBXFileReference; lastKnownFileType = sourcecode.swift; path = PreImgQuestionViewController.swift; sourceTree = "<group>"; };
		B82F8CD42103491D001A9338 /* ImgQuestionViewController.swift */ = {isa = PBXFileReference; lastKnownFileType = sourcecode.swift; path = ImgQuestionViewController.swift; sourceTree = "<group>"; };
		B82F8CD62103493C001A9338 /* FinishedImgQViewController.swift */ = {isa = PBXFileReference; lastKnownFileType = sourcecode.swift; path = FinishedImgQViewController.swift; sourceTree = "<group>"; };
		B82F8CD82103499C001A9338 /* DrawViewController.swift */ = {isa = PBXFileReference; lastKnownFileType = sourcecode.swift; path = DrawViewController.swift; sourceTree = "<group>"; };
		B82F8CDA210349B6001A9338 /* FinishedDrawViewController.swift */ = {isa = PBXFileReference; lastKnownFileType = sourcecode.swift; path = FinishedDrawViewController.swift; sourceTree = "<group>"; };
		B82F8CDC21034A10001A9338 /* PrepareDrawViewController.swift */ = {isa = PBXFileReference; lastKnownFileType = sourcecode.swift; path = PrepareDrawViewController.swift; sourceTree = "<group>"; };
		B82F8CDE21034A45001A9338 /* SettingViewController.swift */ = {isa = PBXFileReference; lastKnownFileType = sourcecode.swift; path = SettingViewController.swift; sourceTree = "<group>"; };
		B836657B2115A5E4006294C1 /* Credit.storyboard */ = {isa = PBXFileReference; lastKnownFileType = file.storyboard; path = Credit.storyboard; sourceTree = "<group>"; };
		B836657D2115A5F5006294C1 /* CreditViewController.swift */ = {isa = PBXFileReference; lastKnownFileType = sourcecode.swift; path = CreditViewController.swift; sourceTree = "<group>"; };
		B83B7D102111BBE4005737FF /* THSarabunNewBold.ttf */ = {isa = PBXFileReference; lastKnownFileType = file; path = THSarabunNewBold.ttf; sourceTree = "<group>"; };
		B83CF6122105B14400A483A5 /* DarkTheme.xcassets */ = {isa = PBXFileReference; lastKnownFileType = folder.assetcatalog; path = DarkTheme.xcassets; sourceTree = "<group>"; };
		B83CF6162105B1A600A483A5 /* animationLunchScreen.xcassets */ = {isa = PBXFileReference; lastKnownFileType = folder.assetcatalog; path = animationLunchScreen.xcassets; sourceTree = "<group>"; };
		B849085A2115AC750094E188 /* DeveloperTableViewCell.swift */ = {isa = PBXFileReference; lastKnownFileType = sourcecode.swift; path = DeveloperTableViewCell.swift; sourceTree = "<group>"; };
		B84F5CA3210322160043DCEC /* Setting.storyboard */ = {isa = PBXFileReference; fileEncoding = 4; lastKnownFileType = file.storyboard; path = Setting.storyboard; sourceTree = "<group>"; };
		B84F5CA9210322EE0043DCEC /* FinishedDraw.storyboard */ = {isa = PBXFileReference; fileEncoding = 4; lastKnownFileType = file.storyboard; path = FinishedDraw.storyboard; sourceTree = "<group>"; };
		B84F5CAC2103231C0043DCEC /* Draw.storyboard */ = {isa = PBXFileReference; fileEncoding = 4; lastKnownFileType = file.storyboard; path = Draw.storyboard; sourceTree = "<group>"; };
		B84F5CAE210323670043DCEC /* PrepareDraw.storyboard */ = {isa = PBXFileReference; fileEncoding = 4; lastKnownFileType = file.storyboard; path = PrepareDraw.storyboard; sourceTree = "<group>"; };
		B84F5CB12103241E0043DCEC /* FinishedImgQuestion.storyboard */ = {isa = PBXFileReference; fileEncoding = 4; lastKnownFileType = file.storyboard; path = FinishedImgQuestion.storyboard; sourceTree = "<group>"; };
		B84F5CB7210324C10043DCEC /* ImgQuestion.storyboard */ = {isa = PBXFileReference; fileEncoding = 4; lastKnownFileType = file.storyboard; path = ImgQuestion.storyboard; sourceTree = "<group>"; };
		B84F5CB9210324E10043DCEC /* PrepareImgQuestion.storyboard */ = {isa = PBXFileReference; fileEncoding = 4; lastKnownFileType = file.storyboard; path = PrepareImgQuestion.storyboard; sourceTree = "<group>"; };
		B84F5CC02103256B0043DCEC /* FinishedSoundQuestion.storyboard */ = {isa = PBXFileReference; fileEncoding = 4; lastKnownFileType = file.storyboard; path = FinishedSoundQuestion.storyboard; sourceTree = "<group>"; };
		B84F5CC22103258C0043DCEC /* SoundQuestion.storyboard */ = {isa = PBXFileReference; fileEncoding = 4; lastKnownFileType = file.storyboard; path = SoundQuestion.storyboard; sourceTree = "<group>"; };
		B84F5CC4210325B00043DCEC /* PrepareSoundQuestion.storyboard */ = {isa = PBXFileReference; fileEncoding = 4; lastKnownFileType = file.storyboard; path = PrepareSoundQuestion.storyboard; sourceTree = "<group>"; };
		B84F5CC7210325D40043DCEC /* MainMenu.storyboard */ = {isa = PBXFileReference; fileEncoding = 4; lastKnownFileType = file.storyboard; path = MainMenu.storyboard; sourceTree = "<group>"; };
		B84F5CC9210327C10043DCEC /* MainMenuViewController.swift */ = {isa = PBXFileReference; lastKnownFileType = sourcecode.swift; path = MainMenuViewController.swift; sourceTree = "<group>"; };
		B84F5CCD21032EFD0043DCEC /* ImageQuestion.swift */ = {isa = PBXFileReference; lastKnownFileType = sourcecode.swift; path = ImageQuestion.swift; sourceTree = "<group>"; };
		B84F5CCF21032F310043DCEC /* SoundQuestion.swift */ = {isa = PBXFileReference; lastKnownFileType = sourcecode.swift; path = SoundQuestion.swift; sourceTree = "<group>"; };
		B84F5CD121032F670043DCEC /* DrawQuestion.swift */ = {isa = PBXFileReference; lastKnownFileType = sourcecode.swift; path = DrawQuestion.swift; sourceTree = "<group>"; };
		B84F5CD3210331310043DCEC /* QuestionModel.swift */ = {isa = PBXFileReference; lastKnownFileType = sourcecode.swift; path = QuestionModel.swift; sourceTree = "<group>"; };
		B84F5CDB210335000043DCEC /* AppManager.swift */ = {isa = PBXFileReference; lastKnownFileType = sourcecode.swift; path = AppManager.swift; sourceTree = "<group>"; };
		B84F5CDD210335DB0043DCEC /* bgSound.mp3 */ = {isa = PBXFileReference; lastKnownFileType = audio.mp3; path = bgSound.mp3; sourceTree = "<group>"; };
		B84F5CDF210336270043DCEC /* btnSound.mp3 */ = {isa = PBXFileReference; lastKnownFileType = audio.mp3; path = btnSound.mp3; sourceTree = "<group>"; };
		B8783517210C51D600B87B11 /* LoadingScene.swift */ = {isa = PBXFileReference; lastKnownFileType = sourcecode.swift; path = LoadingScene.swift; sourceTree = "<group>"; };
		B87D939321045D6A00788F2D /* ThemePotocol.swift */ = {isa = PBXFileReference; lastKnownFileType = sourcecode.swift; path = ThemePotocol.swift; sourceTree = "<group>"; };
		B87D939521045D9100788F2D /* LightTheme.swift */ = {isa = PBXFileReference; lastKnownFileType = sourcecode.swift; path = LightTheme.swift; sourceTree = "<group>"; };
		B87D939721045D9C00788F2D /* DarkTheme.swift */ = {isa = PBXFileReference; lastKnownFileType = sourcecode.swift; path = DarkTheme.swift; sourceTree = "<group>"; };
		B87D939F210470BE00788F2D /* วัว.mp3 */ = {isa = PBXFileReference; lastKnownFileType = audio.mp3; path = "วัว.mp3"; sourceTree = "<group>"; };
		B87D93A0210470BE00788F2D /* ม้า.mp3 */ = {isa = PBXFileReference; lastKnownFileType = audio.mp3; path = "ม้า.mp3"; sourceTree = "<group>"; };
		B87D93A2210470BF00788F2D /* กบ.mp3 */ = {isa = PBXFileReference; lastKnownFileType = audio.mp3; path = "กบ.mp3"; sourceTree = "<group>"; };
		B87D93A3210470BF00788F2D /* เป็ด.mp3 */ = {isa = PBXFileReference; lastKnownFileType = audio.mp3; path = "เป็ด.mp3"; sourceTree = "<group>"; };
		B87D93A5210470BF00788F2D /* นกฮูก.mp3 */ = {isa = PBXFileReference; lastKnownFileType = audio.mp3; path = "นกฮูก.mp3"; sourceTree = "<group>"; };
		B87D93A8210470BF00788F2D /* ช้าง.mp3 */ = {isa = PBXFileReference; lastKnownFileType = audio.mp3; path = "ช้าง.mp3"; sourceTree = "<group>"; };
		B87D93AC210470C000788F2D /* ลิง.mp3 */ = {isa = PBXFileReference; lastKnownFileType = audio.mp3; path = "ลิง.mp3"; sourceTree = "<group>"; };
		B87D93AF210470C000788F2D /* แมว.mp3 */ = {isa = PBXFileReference; lastKnownFileType = audio.mp3; path = "แมว.mp3"; sourceTree = "<group>"; };
		B87D93C6210470CD00788F2D /* สุนัข.mp3 */ = {isa = PBXFileReference; lastKnownFileType = audio.mp3; path = "สุนัข.mp3"; sourceTree = "<group>"; };
		B87D93C7210470CD00788F2D /* หมู.mp3 */ = {isa = PBXFileReference; lastKnownFileType = audio.mp3; path = "หมู.mp3"; sourceTree = "<group>"; };
		B87D93CB21047F9F00788F2D /* LightTheme.xcassets */ = {isa = PBXFileReference; lastKnownFileType = folder.assetcatalog; path = LightTheme.xcassets; sourceTree = "<group>"; };
		B87D93CE2104972B00788F2D /* Enums.swift */ = {isa = PBXFileReference; lastKnownFileType = sourcecode.swift; path = Enums.swift; sourceTree = "<group>"; };
		B87D93D321049E3000788F2D /* ModalView.xib */ = {isa = PBXFileReference; lastKnownFileType = file.xib; path = ModalView.xib; sourceTree = "<group>"; };
		B87D93D521049E3D00788F2D /* ModalView.swift */ = {isa = PBXFileReference; lastKnownFileType = sourcecode.swift; path = ModalView.swift; sourceTree = "<group>"; };
		B8A1F60C210709D500D4FF0C /* DrawView.swift */ = {isa = PBXFileReference; fileEncoding = 4; lastKnownFileType = sourcecode.swift; path = DrawView.swift; sourceTree = "<group>"; };
		B8A1F60E21070F3D00D4FF0C /* DrawAPI.swift */ = {isa = PBXFileReference; lastKnownFileType = sourcecode.swift; path = DrawAPI.swift; sourceTree = "<group>"; };
		B8A1F611210723FA00D4FF0C /* PreviewImage.xib */ = {isa = PBXFileReference; lastKnownFileType = file.xib; path = PreviewImage.xib; sourceTree = "<group>"; };
		B8A1F6132107240800D4FF0C /* PreviewImage.swift */ = {isa = PBXFileReference; lastKnownFileType = sourcecode.swift; path = PreviewImage.swift; sourceTree = "<group>"; };
		B8AEBD3721030FC400468680 /* RizzoApp.app */ = {isa = PBXFileReference; explicitFileType = wrapper.application; includeInIndex = 0; path = RizzoApp.app; sourceTree = BUILT_PRODUCTS_DIR; };
		B8AEBD3A21030FC500468680 /* AppDelegate.swift */ = {isa = PBXFileReference; lastKnownFileType = sourcecode.swift; path = AppDelegate.swift; sourceTree = "<group>"; };
		B8AEBD4121030FC700468680 /* SharedAssets.xcassets */ = {isa = PBXFileReference; lastKnownFileType = folder.assetcatalog; path = SharedAssets.xcassets; sourceTree = "<group>"; };
		B8AEBD4421030FC700468680 /* Base */ = {isa = PBXFileReference; lastKnownFileType = file.storyboard; name = Base; path = Base.lproj/LaunchScreen.storyboard; sourceTree = "<group>"; };
		B8AEBD4621030FC700468680 /* Info.plist */ = {isa = PBXFileReference; lastKnownFileType = text.plist.xml; path = Info.plist; sourceTree = "<group>"; };
		B8F7366D210D8E70003D7F0C /* ระนาดเอก.mp3 */ = {isa = PBXFileReference; lastKnownFileType = audio.mp3; path = "ระนาดเอก.mp3"; sourceTree = "<group>"; };
		B8F7366E210D8E70003D7F0C /* กลองชุด.mp3 */ = {isa = PBXFileReference; lastKnownFileType = audio.mp3; path = "กลองชุด.mp3"; sourceTree = "<group>"; };
		B8F7366F210D8E70003D7F0C /* ซอ.mp3 */ = {isa = PBXFileReference; lastKnownFileType = audio.mp3; path = "ซอ.mp3"; sourceTree = "<group>"; };
		B8F73670210D8E70003D7F0C /* ไวโอลิน.mp3 */ = {isa = PBXFileReference; lastKnownFileType = audio.mp3; path = "ไวโอลิน.mp3"; sourceTree = "<group>"; };
		B8F73671210D8E70003D7F0C /* ขลุ่ย.mp3 */ = {isa = PBXFileReference; lastKnownFileType = audio.mp3; path = "ขลุ่ย.mp3"; sourceTree = "<group>"; };
		B8F73672210D8E70003D7F0C /* ฉิ่ง.mp3 */ = {isa = PBXFileReference; lastKnownFileType = audio.mp3; path = "ฉิ่ง.mp3"; sourceTree = "<group>"; };
		B8F73673210D8E70003D7F0C /* เปียโน.mp3 */ = {isa = PBXFileReference; lastKnownFileType = audio.mp3; path = "เปียโน.mp3"; sourceTree = "<group>"; };
		B8F73674210D8E70003D7F0C /* แซกโซโฟน.mp3 */ = {isa = PBXFileReference; lastKnownFileType = audio.mp3; path = "แซกโซโฟน.mp3"; sourceTree = "<group>"; };
		B8F73675210D8E71003D7F0C /* กีต้าร์.mp3 */ = {isa = PBXFileReference; lastKnownFileType = audio.mp3; path = "กีต้าร์.mp3"; sourceTree = "<group>"; };
		B8F73676210D8E71003D7F0C /* กรับ.mp3 */ = {isa = PBXFileReference; lastKnownFileType = audio.mp3; path = "กรับ.mp3"; sourceTree = "<group>"; };
		C009C07498A6C6EFCFA1722E /* Pods-RizzoApp.debug.xcconfig */ = {isa = PBXFileReference; includeInIndex = 1; lastKnownFileType = text.xcconfig; name = "Pods-RizzoApp.debug.xcconfig"; path = "Pods/Target Support Files/Pods-RizzoApp/Pods-RizzoApp.debug.xcconfig"; sourceTree = "<group>"; };
		CF24A277F42D7989141FC708 /* Pods_RizzoApp.framework */ = {isa = PBXFileReference; explicitFileType = wrapper.framework; includeInIndex = 0; path = Pods_RizzoApp.framework; sourceTree = BUILT_PRODUCTS_DIR; };
/* End PBXFileReference section */

/* Begin PBXFrameworksBuildPhase section */
		B8AEBD3421030FC400468680 /* Frameworks */ = {
			isa = PBXFrameworksBuildPhase;
			buildActionMask = 2147483647;
			files = (
				8F077A3D0CEAFB13181CF6B9 /* Pods_RizzoApp.framework in Frameworks */,
			);
			runOnlyForDeploymentPostprocessing = 0;
		};
/* End PBXFrameworksBuildPhase section */

/* Begin PBXGroup section */
		632F6A2AAA745FA42438BE0F /* Pods */ = {
			isa = PBXGroup;
			children = (
				C009C07498A6C6EFCFA1722E /* Pods-RizzoApp.debug.xcconfig */,
				1F15F6958F7D80D42EDA9545 /* Pods-RizzoApp.release.xcconfig */,
			);
			name = Pods;
			sourceTree = "<group>";
		};
		B422AADD210721160018CE9F /* fruits */ = {
			isa = PBXGroup;
			children = (
				B422AB00210722C40018CE9F /* กล้วย.jpg */,
				B422AB01210722C40018CE9F /* ข้าวโพด.jpg */,
				B422AB08210722C60018CE9F /* แตงโม.jpg */,
				B422AAFF210722C40018CE9F /* ทุเรียน.jpg */,
				B422AB04210722C50018CE9F /* มะพร้าว.jpg */,
				B422AB06210722C60018CE9F /* มะละกอ.jpg */,
				B422AB03210722C50018CE9F /* สตอเบอรี่.jpg */,
				B422AB07210722C60018CE9F /* ส้ม.jpg */,
				B422AB02210722C50018CE9F /* สับปะรด.jpg */,
				B422AB05210722C50018CE9F /* แอปเปิ้ล.jpg */,
			);
			name = fruits;
			path = RizzoApp/Resources/Images/ImageQuestion/fruits;
			sourceTree = "<group>";
		};
		B422AAE8210721640018CE9F /* animals */ = {
			isa = PBXGroup;
			children = (
				B422AB18210723010018CE9F /* กระต่าย.jpg */,
				B422AB19210723020018CE9F /* ไก่.jpg */,
				B422AB16210723000018CE9F /* ช้าง.jpg */,
				B422AB1A210723020018CE9F /* เป็ด.jpg */,
				B422AB14210723000018CE9F /* แมว.jpg */,
				B422AB1B210723020018CE9F /* ลิง.jpg */,
				B422AB17210723000018CE9F /* สิงโต.jpg */,
				B422AB1C210723020018CE9F /* หมา.jpg */,
				B422AB15210723000018CE9F /* หมี.jpg */,
				B422AB13210722FF0018CE9F /* หมู.jpg */,
			);
			path = animals;
			sourceTree = "<group>";
		};
		B422AAE9210721820018CE9F /* places */ = {
			isa = PBXGroup;
			children = (
				B422AB272107230E0018CE9F /* ถ้ำ.jpg */,
				B422AB2B210723100018CE9F /* ทะเล.jpg */,
				B422AB2A210723100018CE9F /* ทุ่งนา.jpg */,
				B422AB2E210723110018CE9F /* น้ำตก.jpg */,
				B422AB2C210723100018CE9F /* ภูเขา.jpg */,
				B422AB282107230E0018CE9F /* วัด.jpg */,
				B422AB30210723110018CE9F /* สนามกอล์ฟ.jpg */,
				B422AB2D210723110018CE9F /* สนามบิน.jpg */,
				B422AB2F210723110018CE9F /* สนามฟุตบอล.jpg */,
				B422AB292107230F0018CE9F /* ห้างสรรพสินค้า.jpg */,
			);
			path = places;
			sourceTree = "<group>";
		};
		B422AAEA210721950018CE9F /* objects */ = {
			isa = PBXGroup;
			children = (
				B422AB3E210723240018CE9F /* กรรไกร.jpg */,
				B422AB3F210723240018CE9F /* กะทะ.jpg */,
				B422AB3D210723240018CE9F /* เครื่องมือช่าง.jpg */,
				B422AB43210723280018CE9F /* ดินสอ.jpg */,
				B422AB40210723250018CE9F /* แปรงสีฟัน.jpg */,
				B422AB3C210723220018CE9F /* มีดครัว.jpg */,
				B422AB44210723290018CE9F /* มีดช้อนส้อม.jpg */,
				B422AB41210723260018CE9F /* ไม้กวาด.jpg */,
				B422AB3B210723220018CE9F /* ร่ม.jpg */,
				B422AB42210723270018CE9F /* แว่นตา.jpg */,
			);
			path = objects;
			sourceTree = "<group>";
		};
		B82F8CC921034451001A9338 /* Extension */ = {
			isa = PBXGroup;
			children = (
				B82F8CCA21034462001A9338 /* Extensions.swift */,
			);
			path = Extension;
			sourceTree = "<group>";
		};
		B836657A2115A5CA006294C1 /* Credits */ = {
			isa = PBXGroup;
			children = (
				B836657B2115A5E4006294C1 /* Credit.storyboard */,
				B836657D2115A5F5006294C1 /* CreditViewController.swift */,
				B849085A2115AC750094E188 /* DeveloperTableViewCell.swift */,
			);
			path = Credits;
			sourceTree = "<group>";
		};
		B83B7D0E2111BB39005737FF /* Fonts */ = {
			isa = PBXGroup;
			children = (
				B83B7D102111BBE4005737FF /* THSarabunNewBold.ttf */,
			);
			path = Fonts;
			sourceTree = "<group>";
		};
		B83CF61E2105CF0900A483A5 /* DrawQuestion */ = {
			isa = PBXGroup;
			children = (
				B8F7364C210D85E5003D7F0C /* Fruites */,
				B8F7364B210D85DC003D7F0C /* Objects */,
				B8F73636210D85B8003D7F0C /* Animals */,
			);
			path = DrawQuestion;
			sourceTree = "<group>";
		};
		B83CF61F2105CF2B00A483A5 /* ImageQuestion */ = {
			isa = PBXGroup;
			children = (
				B422AAEA210721950018CE9F /* objects */,
				B422AAE9210721820018CE9F /* places */,
				B422AAE8210721640018CE9F /* animals */,
				B422AADD210721160018CE9F /* fruits */,
			);
			path = ImageQuestion;
			sourceTree = "<group>";
		};
		B84F5C9F210321800043DCEC /* View_Controllers */ = {
			isa = PBXGroup;
			children = (
				B836657A2115A5CA006294C1 /* Credits */,
				B84F5CC6210325C30043DCEC /* MainMenu */,
				B84F5CBD210325170043DCEC /* PrepareSoundQuestion */,
				B84F5CBC210325100043DCEC /* SoundQuestion */,
				B84F5CBB210325080043DCEC /* FinishedSoundQuestion */,
				B84F5CB4210324440043DCEC /* PrepareImgQuestion */,
				B84F5CB3210324350043DCEC /* ImgQuestion */,
				B84F5CB0210323EB0043DCEC /* FinishedImgQuestion */,
				B84F5CAB2103230D0043DCEC /* Draw */,
				B84F5CA8210322D90043DCEC /* FinishedDraw */,
				B84F5CA5210322430043DCEC /* PrepareDraw */,
				B84F5CA2210321EC0043DCEC /* Setting */,
			);
			path = View_Controllers;
			sourceTree = "<group>";
		};
		B84F5CA02103218B0043DCEC /* Models */ = {
			isa = PBXGroup;
			children = (
				B84F5CCD21032EFD0043DCEC /* ImageQuestion.swift */,
				B84F5CCF21032F310043DCEC /* SoundQuestion.swift */,
				B84F5CD121032F670043DCEC /* DrawQuestion.swift */,
				B84F5CD3210331310043DCEC /* QuestionModel.swift */,
				B8A1F60E21070F3D00D4FF0C /* DrawAPI.swift */,
			);
			path = Models;
			sourceTree = "<group>";
		};
		B84F5CA1210321910043DCEC /* Resources */ = {
			isa = PBXGroup;
			children = (
				B83B7D0E2111BB39005737FF /* Fonts */,
				B84F5CD6210334170043DCEC /* Sounds */,
				B84F5CD52103340D0043DCEC /* Images */,
				B8AEBD4121030FC700468680 /* SharedAssets.xcassets */,
				B87D93CB21047F9F00788F2D /* LightTheme.xcassets */,
				B83CF6122105B14400A483A5 /* DarkTheme.xcassets */,
				B83CF6162105B1A600A483A5 /* animationLunchScreen.xcassets */,
			);
			path = Resources;
			sourceTree = "<group>";
		};
		B84F5CA2210321EC0043DCEC /* Setting */ = {
			isa = PBXGroup;
			children = (
				B84F5CA3210322160043DCEC /* Setting.storyboard */,
				B82F8CDE21034A45001A9338 /* SettingViewController.swift */,
			);
			path = Setting;
			sourceTree = "<group>";
		};
		B84F5CA5210322430043DCEC /* PrepareDraw */ = {
			isa = PBXGroup;
			children = (
				B84F5CAE210323670043DCEC /* PrepareDraw.storyboard */,
				B82F8CDC21034A10001A9338 /* PrepareDrawViewController.swift */,
			);
			path = PrepareDraw;
			sourceTree = "<group>";
		};
		B84F5CA8210322D90043DCEC /* FinishedDraw */ = {
			isa = PBXGroup;
			children = (
				B84F5CA9210322EE0043DCEC /* FinishedDraw.storyboard */,
				B82F8CDA210349B6001A9338 /* FinishedDrawViewController.swift */,
			);
			path = FinishedDraw;
			sourceTree = "<group>";
		};
		B84F5CAB2103230D0043DCEC /* Draw */ = {
			isa = PBXGroup;
			children = (
				B84F5CAC2103231C0043DCEC /* Draw.storyboard */,
				B82F8CD82103499C001A9338 /* DrawViewController.swift */,
				B8A1F60C210709D500D4FF0C /* DrawView.swift */,
			);
			path = Draw;
			sourceTree = "<group>";
		};
		B84F5CB0210323EB0043DCEC /* FinishedImgQuestion */ = {
			isa = PBXGroup;
			children = (
				B84F5CB12103241E0043DCEC /* FinishedImgQuestion.storyboard */,
				B82F8CD62103493C001A9338 /* FinishedImgQViewController.swift */,
			);
			path = FinishedImgQuestion;
			sourceTree = "<group>";
		};
		B84F5CB3210324350043DCEC /* ImgQuestion */ = {
			isa = PBXGroup;
			children = (
				B84F5CB7210324C10043DCEC /* ImgQuestion.storyboard */,
				B82F8CD42103491D001A9338 /* ImgQuestionViewController.swift */,
			);
			path = ImgQuestion;
			sourceTree = "<group>";
		};
		B84F5CB4210324440043DCEC /* PrepareImgQuestion */ = {
			isa = PBXGroup;
			children = (
				B84F5CB9210324E10043DCEC /* PrepareImgQuestion.storyboard */,
				B82F8CD2210348D4001A9338 /* PreImgQuestionViewController.swift */,
			);
			path = PrepareImgQuestion;
			sourceTree = "<group>";
		};
		B84F5CBB210325080043DCEC /* FinishedSoundQuestion */ = {
			isa = PBXGroup;
			children = (
				B84F5CC02103256B0043DCEC /* FinishedSoundQuestion.storyboard */,
				B82F8CD0210348B7001A9338 /* FinishedSoundQViewController.swift */,
			);
			path = FinishedSoundQuestion;
			sourceTree = "<group>";
		};
		B84F5CBC210325100043DCEC /* SoundQuestion */ = {
			isa = PBXGroup;
			children = (
				B84F5CC22103258C0043DCEC /* SoundQuestion.storyboard */,
				B82F8CCE21034864001A9338 /* SoundQuestionViewController.swift */,
			);
			path = SoundQuestion;
			sourceTree = "<group>";
		};
		B84F5CBD210325170043DCEC /* PrepareSoundQuestion */ = {
			isa = PBXGroup;
			children = (
				B84F5CC4210325B00043DCEC /* PrepareSoundQuestion.storyboard */,
				B82F8CCC21034833001A9338 /* PreSoundQuestionViewController.swift */,
			);
			path = PrepareSoundQuestion;
			sourceTree = "<group>";
		};
		B84F5CC6210325C30043DCEC /* MainMenu */ = {
			isa = PBXGroup;
			children = (
				B84F5CC7210325D40043DCEC /* MainMenu.storyboard */,
				B84F5CC9210327C10043DCEC /* MainMenuViewController.swift */,
				B8783517210C51D600B87B11 /* LoadingScene.swift */,
			);
			path = MainMenu;
			sourceTree = "<group>";
		};
		B84F5CD52103340D0043DCEC /* Images */ = {
			isa = PBXGroup;
			children = (
				B83CF61F2105CF2B00A483A5 /* ImageQuestion */,
				B83CF61E2105CF0900A483A5 /* DrawQuestion */,
			);
			path = Images;
			sourceTree = "<group>";
		};
		B84F5CD6210334170043DCEC /* Sounds */ = {
			isa = PBXGroup;
			children = (
				B87D939C2104706A00788F2D /* SoundQuestion */,
				B87D939B2104705700788F2D /* App */,
			);
			path = Sounds;
			sourceTree = "<group>";
		};
		B87D939221045BD800788F2D /* Theme */ = {
			isa = PBXGroup;
			children = (
				B87D939321045D6A00788F2D /* ThemePotocol.swift */,
				B87D939521045D9100788F2D /* LightTheme.swift */,
				B87D939721045D9C00788F2D /* DarkTheme.swift */,
			);
			path = Theme;
			sourceTree = "<group>";
		};
		B87D939B2104705700788F2D /* App */ = {
			isa = PBXGroup;
			children = (
				B84F5CDD210335DB0043DCEC /* bgSound.mp3 */,
				B84F5CDF210336270043DCEC /* btnSound.mp3 */,
			);
			path = App;
			sourceTree = "<group>";
		};
		B87D939C2104706A00788F2D /* SoundQuestion */ = {
			isa = PBXGroup;
			children = (
				B8F7366C210D8E56003D7F0C /* Musicals */,
				B8F7366B210D8E45003D7F0C /* Animals */,
			);
			path = SoundQuestion;
			sourceTree = "<group>";
		};
		B87D93CD2104970400788F2D /* Enum */ = {
			isa = PBXGroup;
			children = (
				B87D93CE2104972B00788F2D /* Enums.swift */,
			);
			path = Enum;
			sourceTree = "<group>";
		};
		B87D93D021049D3A00788F2D /* OtherFiles */ = {
			isa = PBXGroup;
			children = (
				B87D93D121049D6400788F2D /* CustomControls */,
				B87D93CD2104970400788F2D /* Enum */,
				B87D939221045BD800788F2D /* Theme */,
				B82F8CC921034451001A9338 /* Extension */,
			);
			path = OtherFiles;
			sourceTree = "<group>";
		};
		B87D93D121049D6400788F2D /* CustomControls */ = {
			isa = PBXGroup;
			children = (
				B8A1F610210723C100D4FF0C /* PreViewImage */,
				B87D93D221049DFD00788F2D /* ModalView */,
			);
			path = CustomControls;
			sourceTree = "<group>";
		};
		B87D93D221049DFD00788F2D /* ModalView */ = {
			isa = PBXGroup;
			children = (
				B87D93D321049E3000788F2D /* ModalView.xib */,
				B87D93D521049E3D00788F2D /* ModalView.swift */,
			);
			path = ModalView;
			sourceTree = "<group>";
		};
		B8A1F610210723C100D4FF0C /* PreViewImage */ = {
			isa = PBXGroup;
			children = (
				B8A1F611210723FA00D4FF0C /* PreviewImage.xib */,
				B8A1F6132107240800D4FF0C /* PreviewImage.swift */,
			);
			path = PreViewImage;
			sourceTree = "<group>";
		};
		B8AEBD2E21030FC400468680 = {
			isa = PBXGroup;
			children = (
				B8AEBD3921030FC400468680 /* RizzoApp */,
				B8AEBD3821030FC400468680 /* Products */,
				632F6A2AAA745FA42438BE0F /* Pods */,
				E499F415067782210DA337B3 /* Frameworks */,
			);
			sourceTree = "<group>";
		};
		B8AEBD3821030FC400468680 /* Products */ = {
			isa = PBXGroup;
			children = (
				B8AEBD3721030FC400468680 /* RizzoApp.app */,
			);
			name = Products;
			sourceTree = "<group>";
		};
		B8AEBD3921030FC400468680 /* RizzoApp */ = {
			isa = PBXGroup;
			children = (
				B84F5CA1210321910043DCEC /* Resources */,
				B87D93D021049D3A00788F2D /* OtherFiles */,
				B84F5CA02103218B0043DCEC /* Models */,
				B84F5C9F210321800043DCEC /* View_Controllers */,
				B8AEBD4321030FC700468680 /* LaunchScreen.storyboard */,
				B8AEBD4621030FC700468680 /* Info.plist */,
				B84F5CDB210335000043DCEC /* AppManager.swift */,
				B8AEBD3A21030FC500468680 /* AppDelegate.swift */,
			);
			path = RizzoApp;
			sourceTree = "<group>";
		};
		B8F73636210D85B8003D7F0C /* Animals */ = {
			isa = PBXGroup;
			children = (
				B81BB73D21133A7300668D0A /* แกะ.png */,
				B81BB73E21133A7300668D0A /* เป็ด.png */,
				B81BB73F21133A7400668D0A /* วัว.png */,
				B81BB73B21133A7300668D0A /* สุนัข.png */,
				B81BB73C21133A7300668D0A /* หมู.png */,
			);
			path = Animals;
			sourceTree = "<group>";
		};
		B8F7364B210D85DC003D7F0C /* Objects */ = {
			isa = PBXGroup;
			children = (
				B81BB73421133A6100668D0A /* ดินสอ.png */,
				B81BB73621133A6200668D0A /* โทรทัศน์.png */,
				B81BB73521133A6100668D0A /* รองเท้า.png */,
				B81BB73321133A6100668D0A /* แว่นตา.png */,
				B81BB73121133A5500668D0A /* กล้องถ่ายรูป.png */,
			);
			path = Objects;
			sourceTree = "<group>";
		};
		B8F7364C210D85E5003D7F0C /* Fruites */ = {
			isa = PBXGroup;
			children = (
				B81BB74821133A8C00668D0A /* กล้วย.png */,
				B81BB74521133A8C00668D0A /* แตงโม.png */,
				B81BB74621133A8C00668D0A /* สตอว์เบอรี่.png */,
				B81BB74721133A8C00668D0A /* องุ่น.png */,
				B81BB74921133A8C00668D0A /* แอปเปิ้ล.png */,
			);
			path = Fruites;
			sourceTree = "<group>";
		};
		B8F7366B210D8E45003D7F0C /* Animals */ = {
			isa = PBXGroup;
			children = (
				B87D93A2210470BF00788F2D /* กบ.mp3 */,
				B87D93A8210470BF00788F2D /* ช้าง.mp3 */,
				B87D93A5210470BF00788F2D /* นกฮูก.mp3 */,
				B87D93A3210470BF00788F2D /* เป็ด.mp3 */,
				B87D93A0210470BE00788F2D /* ม้า.mp3 */,
				B87D93AF210470C000788F2D /* แมว.mp3 */,
				B87D93AC210470C000788F2D /* ลิง.mp3 */,
				B87D939F210470BE00788F2D /* วัว.mp3 */,
				B87D93C6210470CD00788F2D /* สุนัข.mp3 */,
				B87D93C7210470CD00788F2D /* หมู.mp3 */,
			);
			path = Animals;
			sourceTree = "<group>";
		};
		B8F7366C210D8E56003D7F0C /* Musicals */ = {
			isa = PBXGroup;
			children = (
				B8F73672210D8E70003D7F0C /* ฉิ่ง.mp3 */,
				B8F7366E210D8E70003D7F0C /* กลองชุด.mp3 */,
				B8F73675210D8E71003D7F0C /* กีต้าร์.mp3 */,
				B8F73671210D8E70003D7F0C /* ขลุ่ย.mp3 */,
				B8F73676210D8E71003D7F0C /* กรับ.mp3 */,
				B8F73673210D8E70003D7F0C /* เปียโน.mp3 */,
				B8F7366D210D8E70003D7F0C /* ระนาดเอก.mp3 */,
				B8F73674210D8E70003D7F0C /* แซกโซโฟน.mp3 */,
				B8F7366F210D8E70003D7F0C /* ซอ.mp3 */,
				B8F73670210D8E70003D7F0C /* ไวโอลิน.mp3 */,
			);
			path = Musicals;
			sourceTree = "<group>";
		};
		E499F415067782210DA337B3 /* Frameworks */ = {
			isa = PBXGroup;
			children = (
				CF24A277F42D7989141FC708 /* Pods_RizzoApp.framework */,
			);
			name = Frameworks;
			sourceTree = "<group>";
		};
/* End PBXGroup section */

/* Begin PBXNativeTarget section */
		B8AEBD3621030FC400468680 /* RizzoApp */ = {
			isa = PBXNativeTarget;
			buildConfigurationList = B8AEBD4921030FC700468680 /* Build configuration list for PBXNativeTarget "RizzoApp" */;
			buildPhases = (
				E97FC42E75350FC76D9E503D /* [CP] Check Pods Manifest.lock */,
				B8AEBD3321030FC400468680 /* Sources */,
				B8AEBD3421030FC400468680 /* Frameworks */,
				B8AEBD3521030FC400468680 /* Resources */,
				76384B215C0F55C0DCA3390F /* [CP] Embed Pods Frameworks */,
			);
			buildRules = (
			);
			dependencies = (
			);
			name = RizzoApp;
			productName = RizzoApp;
			productReference = B8AEBD3721030FC400468680 /* RizzoApp.app */;
			productType = "com.apple.product-type.application";
		};
/* End PBXNativeTarget section */

/* Begin PBXProject section */
		B8AEBD2F21030FC400468680 /* Project object */ = {
			isa = PBXProject;
			attributes = {
				LastSwiftUpdateCheck = 0940;
				LastUpgradeCheck = 0940;
				ORGANIZATIONNAME = Punyugi;
				TargetAttributes = {
					B8AEBD3621030FC400468680 = {
						CreatedOnToolsVersion = 9.4.1;
					};
				};
			};
			buildConfigurationList = B8AEBD3221030FC400468680 /* Build configuration list for PBXProject "RizzoApp" */;
			compatibilityVersion = "Xcode 9.3";
			developmentRegion = en;
			hasScannedForEncodings = 0;
			knownRegions = (
				en,
				Base,
			);
			mainGroup = B8AEBD2E21030FC400468680;
			productRefGroup = B8AEBD3821030FC400468680 /* Products */;
			projectDirPath = "";
			projectRoot = "";
			targets = (
				B8AEBD3621030FC400468680 /* RizzoApp */,
			);
		};
/* End PBXProject section */

/* Begin PBXResourcesBuildPhase section */
		B8AEBD3521030FC400468680 /* Resources */ = {
			isa = PBXResourcesBuildPhase;
			buildActionMask = 2147483647;
			files = (
				B422AB1E210723030018CE9F /* แมว.jpg in Resources */,
				B422AB472107232E0018CE9F /* เครื่องมือช่าง.jpg in Resources */,
				B84F5CBA210324E10043DCEC /* PrepareImgQuestion.storyboard in Resources */,
				B422AB452107232E0018CE9F /* ร่ม.jpg in Resources */,
				B422AB25210723030018CE9F /* ลิง.jpg in Resources */,
				B422AB39210723110018CE9F /* สนามฟุตบอล.jpg in Resources */,
				B422AB3A210723110018CE9F /* สนามกอล์ฟ.jpg in Resources */,
				B87D93B9210470C100788F2D /* นกฮูก.mp3 in Resources */,
				B422AB21210723030018CE9F /* สิงโต.jpg in Resources */,
				B422AB31210723110018CE9F /* ถ้ำ.jpg in Resources */,
				B8F7367E210D8E71003D7F0C /* แซกโซโฟน.mp3 in Resources */,
				B81BB74321133A7400668D0A /* เป็ด.png in Resources */,
				B8F73677210D8E71003D7F0C /* ระนาดเอก.mp3 in Resources */,
				B84F5CDE210335DB0043DCEC /* bgSound.mp3 in Resources */,
				B422AB12210722C60018CE9F /* แตงโม.jpg in Resources */,
				B84F5CAA210322EE0043DCEC /* FinishedDraw.storyboard in Resources */,
				B422AB0D210722C60018CE9F /* สตอเบอรี่.jpg in Resources */,
				B422AB32210723110018CE9F /* วัด.jpg in Resources */,
				B422AB4C2107232E0018CE9F /* แว่นตา.jpg in Resources */,
				B8F7367A210D8E71003D7F0C /* ไวโอลิน.mp3 in Resources */,
				B422AB23210723030018CE9F /* ไก่.jpg in Resources */,
				B8AEBD4521030FC700468680 /* LaunchScreen.storyboard in Resources */,
				B8A1F612210723FA00D4FF0C /* PreviewImage.xib in Resources */,
				B8F7367F210D8E71003D7F0C /* กีต้าร์.mp3 in Resources */,
				B84F5CAD2103231C0043DCEC /* Draw.storyboard in Resources */,
				B87D93C3210470C100788F2D /* แมว.mp3 in Resources */,
				B422AB462107232E0018CE9F /* มีดครัว.jpg in Resources */,
				B81BB74E21133A8C00668D0A /* แอปเปิ้ล.png in Resources */,
				B84F5CC32103258C0043DCEC /* SoundQuestion.storyboard in Resources */,
				B422AB1F210723030018CE9F /* หมี.jpg in Resources */,
				B83B7D112111BBE5005737FF /* THSarabunNewBold.ttf in Resources */,
				B83CF6172105B1A600A483A5 /* animationLunchScreen.xcassets in Resources */,
				B422AB38210723110018CE9F /* น้ำตก.jpg in Resources */,
				B836657C2115A5E4006294C1 /* Credit.storyboard in Resources */,
				B8F73678210D8E71003D7F0C /* กลองชุด.mp3 in Resources */,
				B87D93CC21047F9F00788F2D /* LightTheme.xcassets in Resources */,
				B81BB74D21133A8C00668D0A /* กล้วย.png in Resources */,
				B422AB09210722C60018CE9F /* ทุเรียน.jpg in Resources */,
				B87D93B3210470C100788F2D /* วัว.mp3 in Resources */,
				B422AB4A2107232E0018CE9F /* แปรงสีฟัน.jpg in Resources */,
				B81BB74221133A7400668D0A /* แกะ.png in Resources */,
				B84F5CC12103256B0043DCEC /* FinishedSoundQuestion.storyboard in Resources */,
				B8F7367B210D8E71003D7F0C /* ขลุ่ย.mp3 in Resources */,
				B84F5CB8210324C10043DCEC /* ImgQuestion.storyboard in Resources */,
				B83CF6132105B14400A483A5 /* DarkTheme.xcassets in Resources */,
				B422AB1D210723030018CE9F /* หมู.jpg in Resources */,
				B8F73680210D8E71003D7F0C /* กรับ.mp3 in Resources */,
				B81BB73921133A6200668D0A /* รองเท้า.png in Resources */,
				B84F5CE0210336270043DCEC /* btnSound.mp3 in Resources */,
				B422AB492107232E0018CE9F /* กะทะ.jpg in Resources */,
				B87D93C0210470C100788F2D /* ลิง.mp3 in Resources */,
				B87D93B4210470C100788F2D /* ม้า.mp3 in Resources */,
				B81BB74C21133A8C00668D0A /* องุ่น.png in Resources */,
				B8AEBD4221030FC700468680 /* SharedAssets.xcassets in Resources */,
				B8F7367D210D8E71003D7F0C /* เปียโน.mp3 in Resources */,
				B81BB74421133A7400668D0A /* วัว.png in Resources */,
				B87D93BC210470C100788F2D /* ช้าง.mp3 in Resources */,
				B422AB4E2107232E0018CE9F /* มีดช้อนส้อม.jpg in Resources */,
				B87D93B7210470C100788F2D /* เป็ด.mp3 in Resources */,
				B422AB4B2107232E0018CE9F /* ไม้กวาด.jpg in Resources */,
				B422AB33210723110018CE9F /* ห้างสรรพสินค้า.jpg in Resources */,
				B422AB37210723110018CE9F /* สนามบิน.jpg in Resources */,
				B422AB0F210722C60018CE9F /* แอปเปิ้ล.jpg in Resources */,
				B422AB0A210722C60018CE9F /* กล้วย.jpg in Resources */,
				B87D93B6210470C100788F2D /* กบ.mp3 in Resources */,
				B422AB0B210722C60018CE9F /* ข้าวโพด.jpg in Resources */,
				B8F7367C210D8E71003D7F0C /* ฉิ่ง.mp3 in Resources */,
				B84F5CC8210325D40043DCEC /* MainMenu.storyboard in Resources */,
				B8F73679210D8E71003D7F0C /* ซอ.mp3 in Resources */,
				B422AB11210722C60018CE9F /* ส้ม.jpg in Resources */,
				B81BB74121133A7400668D0A /* หมู.png in Resources */,
				B422AB24210723030018CE9F /* เป็ด.jpg in Resources */,
				B84F5CC5210325B00043DCEC /* PrepareSoundQuestion.storyboard in Resources */,
				B81BB73821133A6200668D0A /* ดินสอ.png in Resources */,
				B84F5CB22103241E0043DCEC /* FinishedImgQuestion.storyboard in Resources */,
				B87D93D421049E3000788F2D /* ModalView.xib in Resources */,
				B81BB74A21133A8C00668D0A /* แตงโม.png in Resources */,
				B422AB482107232E0018CE9F /* กรรไกร.jpg in Resources */,
				B422AB34210723110018CE9F /* ทุ่งนา.jpg in Resources */,
				B422AB22210723030018CE9F /* กระต่าย.jpg in Resources */,
				B422AB35210723110018CE9F /* ทะเล.jpg in Resources */,
				B81BB73A21133A6200668D0A /* โทรทัศน์.png in Resources */,
				B81BB74021133A7400668D0A /* สุนัข.png in Resources */,
				B422AB10210722C60018CE9F /* มะละกอ.jpg in Resources */,
				B87D93CA210470CE00788F2D /* หมู.mp3 in Resources */,
				B422AB36210723110018CE9F /* ภูเขา.jpg in Resources */,
				B81BB73221133A5500668D0A /* กล้องถ่ายรูป.png in Resources */,
				B422AB4D2107232E0018CE9F /* ดินสอ.jpg in Resources */,
				B81BB73721133A6200668D0A /* แว่นตา.png in Resources */,
				B84F5CAF210323670043DCEC /* PrepareDraw.storyboard in Resources */,
				B81BB74B21133A8C00668D0A /* สตอว์เบอรี่.png in Resources */,
				B422AB0C210722C60018CE9F /* สับปะรด.jpg in Resources */,
				B84F5CA4210322160043DCEC /* Setting.storyboard in Resources */,
				B87D93C9210470CE00788F2D /* สุนัข.mp3 in Resources */,
				B422AB0E210722C60018CE9F /* มะพร้าว.jpg in Resources */,
				B422AB20210723030018CE9F /* ช้าง.jpg in Resources */,
				B422AB26210723030018CE9F /* หมา.jpg in Resources */,
			);
			runOnlyForDeploymentPostprocessing = 0;
		};
/* End PBXResourcesBuildPhase section */

/* Begin PBXShellScriptBuildPhase section */
		76384B215C0F55C0DCA3390F /* [CP] Embed Pods Frameworks */ = {
			isa = PBXShellScriptBuildPhase;
			buildActionMask = 2147483647;
			files = (
			);
			inputPaths = (
				"${SRCROOT}/Pods/Target Support Files/Pods-RizzoApp/Pods-RizzoApp-frameworks.sh",
				"${BUILT_PRODUCTS_DIR}/Alamofire/Alamofire.framework",
			);
			name = "[CP] Embed Pods Frameworks";
			outputPaths = (
				"${TARGET_BUILD_DIR}/${FRAMEWORKS_FOLDER_PATH}/Alamofire.framework",
			);
			runOnlyForDeploymentPostprocessing = 0;
			shellPath = /bin/sh;
			shellScript = "\"${SRCROOT}/Pods/Target Support Files/Pods-RizzoApp/Pods-RizzoApp-frameworks.sh\"\n";
			showEnvVarsInLog = 0;
		};
		E97FC42E75350FC76D9E503D /* [CP] Check Pods Manifest.lock */ = {
			isa = PBXShellScriptBuildPhase;
			buildActionMask = 2147483647;
			files = (
			);
			inputPaths = (
				"${PODS_PODFILE_DIR_PATH}/Podfile.lock",
				"${PODS_ROOT}/Manifest.lock",
			);
			name = "[CP] Check Pods Manifest.lock";
			outputPaths = (
				"$(DERIVED_FILE_DIR)/Pods-RizzoApp-checkManifestLockResult.txt",
			);
			runOnlyForDeploymentPostprocessing = 0;
			shellPath = /bin/sh;
			shellScript = "diff \"${PODS_PODFILE_DIR_PATH}/Podfile.lock\" \"${PODS_ROOT}/Manifest.lock\" > /dev/null\nif [ $? != 0 ] ; then\n    # print error to STDERR\n    echo \"error: The sandbox is not in sync with the Podfile.lock. Run 'pod install' or update your CocoaPods installation.\" >&2\n    exit 1\nfi\n# This output is used by Xcode 'outputs' to avoid re-running this script phase.\necho \"SUCCESS\" > \"${SCRIPT_OUTPUT_FILE_0}\"\n";
			showEnvVarsInLog = 0;
		};
/* End PBXShellScriptBuildPhase section */

/* Begin PBXSourcesBuildPhase section */
		B8AEBD3321030FC400468680 /* Sources */ = {
			isa = PBXSourcesBuildPhase;
			buildActionMask = 2147483647;
			files = (
				B8A1F6142107240800D4FF0C /* PreviewImage.swift in Sources */,
				B8783518210C51D600B87B11 /* LoadingScene.swift in Sources */,
				B8A1F60F21070F3D00D4FF0C /* DrawAPI.swift in Sources */,
				B82F8CDD21034A10001A9338 /* PrepareDrawViewController.swift in Sources */,
				B8A1F60D210709D500D4FF0C /* DrawView.swift in Sources */,
				B82F8CD92103499C001A9338 /* DrawViewController.swift in Sources */,
				B84F5CD4210331310043DCEC /* QuestionModel.swift in Sources */,
				B836657E2115A5F5006294C1 /* CreditViewController.swift in Sources */,
				B82F8CCB21034462001A9338 /* Extensions.swift in Sources */,
				B87D939421045D6A00788F2D /* ThemePotocol.swift in Sources */,
				B82F8CCD21034833001A9338 /* PreSoundQuestionViewController.swift in Sources */,
				B849085B2115AC750094E188 /* DeveloperTableViewCell.swift in Sources */,
				B82F8CCF21034864001A9338 /* SoundQuestionViewController.swift in Sources */,
				B82F8CD52103491D001A9338 /* ImgQuestionViewController.swift in Sources */,
				B87D93CF2104972B00788F2D /* Enums.swift in Sources */,
				B82F8CD1210348B7001A9338 /* FinishedSoundQViewController.swift in Sources */,
				B87D939821045D9C00788F2D /* DarkTheme.swift in Sources */,
				B82F8CD3210348D4001A9338 /* PreImgQuestionViewController.swift in Sources */,
				B84F5CD021032F310043DCEC /* SoundQuestion.swift in Sources */,
				B84F5CCA210327C10043DCEC /* MainMenuViewController.swift in Sources */,
				B84F5CCE21032EFD0043DCEC /* ImageQuestion.swift in Sources */,
				B82F8CD72103493C001A9338 /* FinishedImgQViewController.swift in Sources */,
				B84F5CD221032F670043DCEC /* DrawQuestion.swift in Sources */,
				B87D93D621049E3D00788F2D /* ModalView.swift in Sources */,
				B8AEBD3B21030FC500468680 /* AppDelegate.swift in Sources */,
				B82F8CDF21034A45001A9338 /* SettingViewController.swift in Sources */,
				B84F5CDC210335000043DCEC /* AppManager.swift in Sources */,
				B87D939621045D9100788F2D /* LightTheme.swift in Sources */,
				B82F8CDB210349B6001A9338 /* FinishedDrawViewController.swift in Sources */,
			);
			runOnlyForDeploymentPostprocessing = 0;
		};
/* End PBXSourcesBuildPhase section */

/* Begin PBXVariantGroup section */
		B8AEBD4321030FC700468680 /* LaunchScreen.storyboard */ = {
			isa = PBXVariantGroup;
			children = (
				B8AEBD4421030FC700468680 /* Base */,
			);
			name = LaunchScreen.storyboard;
			sourceTree = "<group>";
		};
/* End PBXVariantGroup section */

/* Begin XCBuildConfiguration section */
		B8AEBD4721030FC700468680 /* Debug */ = {
			isa = XCBuildConfiguration;
			buildSettings = {
				ALWAYS_SEARCH_USER_PATHS = NO;
				CLANG_ANALYZER_NONNULL = YES;
				CLANG_ANALYZER_NUMBER_OBJECT_CONVERSION = YES_AGGRESSIVE;
				CLANG_CXX_LANGUAGE_STANDARD = "gnu++14";
				CLANG_CXX_LIBRARY = "libc++";
				CLANG_ENABLE_MODULES = YES;
				CLANG_ENABLE_OBJC_ARC = YES;
				CLANG_ENABLE_OBJC_WEAK = YES;
				CLANG_WARN_BLOCK_CAPTURE_AUTORELEASING = YES;
				CLANG_WARN_BOOL_CONVERSION = YES;
				CLANG_WARN_COMMA = YES;
				CLANG_WARN_CONSTANT_CONVERSION = YES;
				CLANG_WARN_DEPRECATED_OBJC_IMPLEMENTATIONS = YES;
				CLANG_WARN_DIRECT_OBJC_ISA_USAGE = YES_ERROR;
				CLANG_WARN_DOCUMENTATION_COMMENTS = YES;
				CLANG_WARN_EMPTY_BODY = YES;
				CLANG_WARN_ENUM_CONVERSION = YES;
				CLANG_WARN_INFINITE_RECURSION = YES;
				CLANG_WARN_INT_CONVERSION = YES;
				CLANG_WARN_NON_LITERAL_NULL_CONVERSION = YES;
				CLANG_WARN_OBJC_IMPLICIT_RETAIN_SELF = YES;
				CLANG_WARN_OBJC_LITERAL_CONVERSION = YES;
				CLANG_WARN_OBJC_ROOT_CLASS = YES_ERROR;
				CLANG_WARN_RANGE_LOOP_ANALYSIS = YES;
				CLANG_WARN_STRICT_PROTOTYPES = YES;
				CLANG_WARN_SUSPICIOUS_MOVE = YES;
				CLANG_WARN_UNGUARDED_AVAILABILITY = YES_AGGRESSIVE;
				CLANG_WARN_UNREACHABLE_CODE = YES;
				CLANG_WARN__DUPLICATE_METHOD_MATCH = YES;
				CODE_SIGN_IDENTITY = "iPhone Developer";
				COPY_PHASE_STRIP = NO;
				DEBUG_INFORMATION_FORMAT = dwarf;
				ENABLE_STRICT_OBJC_MSGSEND = YES;
				ENABLE_TESTABILITY = YES;
				GCC_C_LANGUAGE_STANDARD = gnu11;
				GCC_DYNAMIC_NO_PIC = NO;
				GCC_NO_COMMON_BLOCKS = YES;
				GCC_OPTIMIZATION_LEVEL = 0;
				GCC_PREPROCESSOR_DEFINITIONS = (
					"DEBUG=1",
					"$(inherited)",
				);
				GCC_WARN_64_TO_32_BIT_CONVERSION = YES;
				GCC_WARN_ABOUT_RETURN_TYPE = YES_ERROR;
				GCC_WARN_UNDECLARED_SELECTOR = YES;
				GCC_WARN_UNINITIALIZED_AUTOS = YES_AGGRESSIVE;
				GCC_WARN_UNUSED_FUNCTION = YES;
				GCC_WARN_UNUSED_VARIABLE = YES;
				IPHONEOS_DEPLOYMENT_TARGET = 11.4;
				MTL_ENABLE_DEBUG_INFO = YES;
				ONLY_ACTIVE_ARCH = YES;
				SDKROOT = iphoneos;
				SWIFT_ACTIVE_COMPILATION_CONDITIONS = DEBUG;
				SWIFT_OPTIMIZATION_LEVEL = "-Onone";
			};
			name = Debug;
		};
		B8AEBD4821030FC700468680 /* Release */ = {
			isa = XCBuildConfiguration;
			buildSettings = {
				ALWAYS_SEARCH_USER_PATHS = NO;
				CLANG_ANALYZER_NONNULL = YES;
				CLANG_ANALYZER_NUMBER_OBJECT_CONVERSION = YES_AGGRESSIVE;
				CLANG_CXX_LANGUAGE_STANDARD = "gnu++14";
				CLANG_CXX_LIBRARY = "libc++";
				CLANG_ENABLE_MODULES = YES;
				CLANG_ENABLE_OBJC_ARC = YES;
				CLANG_ENABLE_OBJC_WEAK = YES;
				CLANG_WARN_BLOCK_CAPTURE_AUTORELEASING = YES;
				CLANG_WARN_BOOL_CONVERSION = YES;
				CLANG_WARN_COMMA = YES;
				CLANG_WARN_CONSTANT_CONVERSION = YES;
				CLANG_WARN_DEPRECATED_OBJC_IMPLEMENTATIONS = YES;
				CLANG_WARN_DIRECT_OBJC_ISA_USAGE = YES_ERROR;
				CLANG_WARN_DOCUMENTATION_COMMENTS = YES;
				CLANG_WARN_EMPTY_BODY = YES;
				CLANG_WARN_ENUM_CONVERSION = YES;
				CLANG_WARN_INFINITE_RECURSION = YES;
				CLANG_WARN_INT_CONVERSION = YES;
				CLANG_WARN_NON_LITERAL_NULL_CONVERSION = YES;
				CLANG_WARN_OBJC_IMPLICIT_RETAIN_SELF = YES;
				CLANG_WARN_OBJC_LITERAL_CONVERSION = YES;
				CLANG_WARN_OBJC_ROOT_CLASS = YES_ERROR;
				CLANG_WARN_RANGE_LOOP_ANALYSIS = YES;
				CLANG_WARN_STRICT_PROTOTYPES = YES;
				CLANG_WARN_SUSPICIOUS_MOVE = YES;
				CLANG_WARN_UNGUARDED_AVAILABILITY = YES_AGGRESSIVE;
				CLANG_WARN_UNREACHABLE_CODE = YES;
				CLANG_WARN__DUPLICATE_METHOD_MATCH = YES;
				CODE_SIGN_IDENTITY = "iPhone Developer";
				COPY_PHASE_STRIP = NO;
				DEBUG_INFORMATION_FORMAT = "dwarf-with-dsym";
				ENABLE_NS_ASSERTIONS = NO;
				ENABLE_STRICT_OBJC_MSGSEND = YES;
				GCC_C_LANGUAGE_STANDARD = gnu11;
				GCC_NO_COMMON_BLOCKS = YES;
				GCC_WARN_64_TO_32_BIT_CONVERSION = YES;
				GCC_WARN_ABOUT_RETURN_TYPE = YES_ERROR;
				GCC_WARN_UNDECLARED_SELECTOR = YES;
				GCC_WARN_UNINITIALIZED_AUTOS = YES_AGGRESSIVE;
				GCC_WARN_UNUSED_FUNCTION = YES;
				GCC_WARN_UNUSED_VARIABLE = YES;
				IPHONEOS_DEPLOYMENT_TARGET = 11.4;
				MTL_ENABLE_DEBUG_INFO = NO;
				SDKROOT = iphoneos;
				SWIFT_COMPILATION_MODE = wholemodule;
				SWIFT_OPTIMIZATION_LEVEL = "-O";
				VALIDATE_PRODUCT = YES;
			};
			name = Release;
		};
		B8AEBD4A21030FC700468680 /* Debug */ = {
			isa = XCBuildConfiguration;
			baseConfigurationReference = C009C07498A6C6EFCFA1722E /* Pods-RizzoApp.debug.xcconfig */;
			buildSettings = {
				ASSETCATALOG_COMPILER_APPICON_NAME = AppIcon;
				CODE_SIGN_STYLE = Automatic;
				INFOPLIST_FILE = RizzoApp/Info.plist;
				LD_RUNPATH_SEARCH_PATHS = (
					"$(inherited)",
					"@executable_path/Frameworks",
				);
				PRODUCT_BUNDLE_IDENTIFIER = com.punyugi.RizzoApp;
				PRODUCT_NAME = "$(TARGET_NAME)";
				SWIFT_VERSION = 4.0;
				TARGETED_DEVICE_FAMILY = 2;
			};
			name = Debug;
		};
		B8AEBD4B21030FC700468680 /* Release */ = {
			isa = XCBuildConfiguration;
			baseConfigurationReference = 1F15F6958F7D80D42EDA9545 /* Pods-RizzoApp.release.xcconfig */;
			buildSettings = {
				ASSETCATALOG_COMPILER_APPICON_NAME = AppIcon;
				CODE_SIGN_STYLE = Automatic;
				INFOPLIST_FILE = RizzoApp/Info.plist;
				LD_RUNPATH_SEARCH_PATHS = (
					"$(inherited)",
					"@executable_path/Frameworks",
				);
				PRODUCT_BUNDLE_IDENTIFIER = com.punyugi.RizzoApp;
				PRODUCT_NAME = "$(TARGET_NAME)";
				SWIFT_VERSION = 4.0;
				TARGETED_DEVICE_FAMILY = 2;
			};
			name = Release;
		};
/* End XCBuildConfiguration section */

/* Begin XCConfigurationList section */
		B8AEBD3221030FC400468680 /* Build configuration list for PBXProject "RizzoApp" */ = {
			isa = XCConfigurationList;
			buildConfigurations = (
				B8AEBD4721030FC700468680 /* Debug */,
				B8AEBD4821030FC700468680 /* Release */,
			);
			defaultConfigurationIsVisible = 0;
			defaultConfigurationName = Release;
		};
		B8AEBD4921030FC700468680 /* Build configuration list for PBXNativeTarget "RizzoApp" */ = {
			isa = XCConfigurationList;
			buildConfigurations = (
				B8AEBD4A21030FC700468680 /* Debug */,
				B8AEBD4B21030FC700468680 /* Release */,
			);
			defaultConfigurationIsVisible = 0;
			defaultConfigurationName = Release;
		};
/* End XCConfigurationList section */
	};
	rootObject = B8AEBD2F21030FC400468680 /* Project object */;
}
